
Microsoft Visual Studio Solution File, Format Version 12.00
# Visual Studio 14
VisualStudioVersion = 14.0.25420.1
MinimumVisualStudioVersion = 10.0.40219.1
Project("{FAE04EC0-301F-11D3-BF4B-00C04F79EFBC}") = "FluToDoApp", "FluToDoApp\FluToDoApp\FluToDoApp.csproj", "{1EDD77E0-1E82-48BC-B728-D313FF2431FC}"
EndProject
Project("{FAE04EC0-301F-11D3-BF4B-00C04F79EFBC}") = "FluToDoApp.Droid", "FluToDoApp\FluToDoApp.Droid\FluToDoApp.Droid.csproj", "{03D23353-FA92-4C00-99CB-B48F043AAD22}"
EndProject
Project("{FAE04EC0-301F-11D3-BF4B-00C04F79EFBC}") = "FluToDoApp.iOS", "FluToDoApp\FluToDoApp.iOS\FluToDoApp.iOS.csproj", "{B2B29AC2-4232-40C4-938E-00F88672CD59}"
EndProject
Project("{FAE04EC0-301F-11D3-BF4B-00C04F79EFBC}") = "FluToDoApp.WinPhone", "FluToDoApp\FluToDoApp.WinPhone\FluToDoApp.WinPhone.csproj", "{1EAA19F7-D9DA-4A80-AB94-633237F30733}"
EndProject
Project("{FAE04EC0-301F-11D3-BF4B-00C04F79EFBC}") = "FluToDoApp.Windows", "FluToDoApp\FluToDoApp.Windows\FluToDoApp.Windows.csproj", "{33940A21-92C1-4BF9-9AB4-107CA1E308AA}"
EndProject
Global
	GlobalSection(SolutionConfigurationPlatforms) = preSolution
		Ad-Hoc|Any CPU = Ad-Hoc|Any CPU
		Ad-Hoc|ARM = Ad-Hoc|ARM
		Ad-Hoc|iPhone = Ad-Hoc|iPhone
		Ad-Hoc|iPhoneSimulator = Ad-Hoc|iPhoneSimulator
		Ad-Hoc|x64 = Ad-Hoc|x64
		Ad-Hoc|x86 = Ad-Hoc|x86
		AppStore|Any CPU = AppStore|Any CPU
		AppStore|ARM = AppStore|ARM
		AppStore|iPhone = AppStore|iPhone
		AppStore|iPhoneSimulator = AppStore|iPhoneSimulator
		AppStore|x64 = AppStore|x64
		AppStore|x86 = AppStore|x86
		Debug|Any CPU = Debug|Any CPU
		Debug|ARM = Debug|ARM
		Debug|iPhone = Debug|iPhone
		Debug|iPhoneSimulator = Debug|iPhoneSimulator
		Debug|x64 = Debug|x64
		Debug|x86 = Debug|x86
		Release|Any CPU = Release|Any CPU
		Release|ARM = Release|ARM
		Release|iPhone = Release|iPhone
		Release|iPhoneSimulator = Release|iPhoneSimulator
		Release|x64 = Release|x64
		Release|x86 = Release|x86
	EndGlobalSection
	GlobalSection(ProjectConfigurationPlatforms) = postSolution
		{1EDD77E0-1E82-48BC-B728-D313FF2431FC}.Ad-Hoc|Any CPU.ActiveCfg = Release|Any CPU
		{1EDD77E0-1E82-48BC-B728-D313FF2431FC}.Ad-Hoc|Any CPU.Build.0 = Release|Any CPU
		{1EDD77E0-1E82-48BC-B728-D313FF2431FC}.Ad-Hoc|ARM.ActiveCfg = Release|Any CPU
		{1EDD77E0-1E82-48BC-B728-D313FF2431FC}.Ad-Hoc|ARM.Build.0 = Release|Any CPU
		{1EDD77E0-1E82-48BC-B728-D313FF2431FC}.Ad-Hoc|iPhone.ActiveCfg = Release|Any CPU
		{1EDD77E0-1E82-48BC-B728-D313FF2431FC}.Ad-Hoc|iPhone.Build.0 = Release|Any CPU
		{1EDD77E0-1E82-48BC-B728-D313FF2431FC}.Ad-Hoc|iPhoneSimulator.ActiveCfg = Release|Any CPU
		{1EDD77E0-1E82-48BC-B728-D313FF2431FC}.Ad-Hoc|iPhoneSimulator.Build.0 = Release|Any CPU
		{1EDD77E0-1E82-48BC-B728-D313FF2431FC}.Ad-Hoc|x64.ActiveCfg = Release|Any CPU
		{1EDD77E0-1E82-48BC-B728-D313FF2431FC}.Ad-Hoc|x64.Build.0 = Release|Any CPU
		{1EDD77E0-1E82-48BC-B728-D313FF2431FC}.Ad-Hoc|x86.ActiveCfg = Release|Any CPU
		{1EDD77E0-1E82-48BC-B728-D313FF2431FC}.Ad-Hoc|x86.Build.0 = Release|Any CPU
		{1EDD77E0-1E82-48BC-B728-D313FF2431FC}.AppStore|Any CPU.ActiveCfg = Release|Any CPU
		{1EDD77E0-1E82-48BC-B728-D313FF2431FC}.AppStore|Any CPU.Build.0 = Release|Any CPU
		{1EDD77E0-1E82-48BC-B728-D313FF2431FC}.AppStore|ARM.ActiveCfg = Release|Any CPU
		{1EDD77E0-1E82-48BC-B728-D313FF2431FC}.AppStore|ARM.Build.0 = Release|Any CPU
		{1EDD77E0-1E82-48BC-B728-D313FF2431FC}.AppStore|iPhone.ActiveCfg = Release|Any CPU
		{1EDD77E0-1E82-48BC-B728-D313FF2431FC}.AppStore|iPhone.Build.0 = Release|Any CPU
		{1EDD77E0-1E82-48BC-B728-D313FF2431FC}.AppStore|iPhoneSimulator.ActiveCfg = Release|Any CPU
		{1EDD77E0-1E82-48BC-B728-D313FF2431FC}.AppStore|iPhoneSimulator.Build.0 = Release|Any CPU
		{1EDD77E0-1E82-48BC-B728-D313FF2431FC}.AppStore|x64.ActiveCfg = Release|Any CPU
		{1EDD77E0-1E82-48BC-B728-D313FF2431FC}.AppStore|x64.Build.0 = Release|Any CPU
		{1EDD77E0-1E82-48BC-B728-D313FF2431FC}.AppStore|x86.ActiveCfg = Release|Any CPU
		{1EDD77E0-1E82-48BC-B728-D313FF2431FC}.AppStore|x86.Build.0 = Release|Any CPU
		{1EDD77E0-1E82-48BC-B728-D313FF2431FC}.Debug|Any CPU.ActiveCfg = Debug|Any CPU
		{1EDD77E0-1E82-48BC-B728-D313FF2431FC}.Debug|Any CPU.Build.0 = Debug|Any CPU
		{1EDD77E0-1E82-48BC-B728-D313FF2431FC}.Debug|ARM.ActiveCfg = Debug|Any CPU
		{1EDD77E0-1E82-48BC-B728-D313FF2431FC}.Debug|ARM.Build.0 = Debug|Any CPU
		{1EDD77E0-1E82-48BC-B728-D313FF2431FC}.Debug|iPhone.ActiveCfg = Debug|Any CPU
		{1EDD77E0-1E82-48BC-B728-D313FF2431FC}.Debug|iPhone.Build.0 = Debug|Any CPU
		{1EDD77E0-1E82-48BC-B728-D313FF2431FC}.Debug|iPhoneSimulator.ActiveCfg = Debug|Any CPU
		{1EDD77E0-1E82-48BC-B728-D313FF2431FC}.Debug|iPhoneSimulator.Build.0 = Debug|Any CPU
		{1EDD77E0-1E82-48BC-B728-D313FF2431FC}.Debug|x64.ActiveCfg = Debug|Any CPU
		{1EDD77E0-1E82-48BC-B728-D313FF2431FC}.Debug|x64.Build.0 = Debug|Any CPU
		{1EDD77E0-1E82-48BC-B728-D313FF2431FC}.Debug|x86.ActiveCfg = Debug|Any CPU
		{1EDD77E0-1E82-48BC-B728-D313FF2431FC}.Debug|x86.Build.0 = Debug|Any CPU
		{1EDD77E0-1E82-48BC-B728-D313FF2431FC}.Release|Any CPU.ActiveCfg = Release|Any CPU
		{1EDD77E0-1E82-48BC-B728-D313FF2431FC}.Release|Any CPU.Build.0 = Release|Any CPU
		{1EDD77E0-1E82-48BC-B728-D313FF2431FC}.Release|ARM.ActiveCfg = Release|Any CPU
		{1EDD77E0-1E82-48BC-B728-D313FF2431FC}.Release|ARM.Build.0 = Release|Any CPU
		{1EDD77E0-1E82-48BC-B728-D313FF2431FC}.Release|iPhone.ActiveCfg = Release|Any CPU
		{1EDD77E0-1E82-48BC-B728-D313FF2431FC}.Release|iPhone.Build.0 = Release|Any CPU
		{1EDD77E0-1E82-48BC-B728-D313FF2431FC}.Release|iPhoneSimulator.ActiveCfg = Release|Any CPU
		{1EDD77E0-1E82-48BC-B728-D313FF2431FC}.Release|iPhoneSimulator.Build.0 = Release|Any CPU
		{1EDD77E0-1E82-48BC-B728-D313FF2431FC}.Release|x64.ActiveCfg = Release|Any CPU
		{1EDD77E0-1E82-48BC-B728-D313FF2431FC}.Release|x64.Build.0 = Release|Any CPU
		{1EDD77E0-1E82-48BC-B728-D313FF2431FC}.Release|x86.ActiveCfg = Release|Any CPU
		{1EDD77E0-1E82-48BC-B728-D313FF2431FC}.Release|x86.Build.0 = Release|Any CPU
		{03D23353-FA92-4C00-99CB-B48F043AAD22}.Ad-Hoc|Any CPU.ActiveCfg = Release|Any CPU
		{03D23353-FA92-4C00-99CB-B48F043AAD22}.Ad-Hoc|Any CPU.Build.0 = Release|Any CPU
		{03D23353-FA92-4C00-99CB-B48F043AAD22}.Ad-Hoc|Any CPU.Deploy.0 = Release|Any CPU
		{03D23353-FA92-4C00-99CB-B48F043AAD22}.Ad-Hoc|ARM.ActiveCfg = Release|Any CPU
		{03D23353-FA92-4C00-99CB-B48F043AAD22}.Ad-Hoc|ARM.Build.0 = Release|Any CPU
		{03D23353-FA92-4C00-99CB-B48F043AAD22}.Ad-Hoc|ARM.Deploy.0 = Release|Any CPU
		{03D23353-FA92-4C00-99CB-B48F043AAD22}.Ad-Hoc|iPhone.ActiveCfg = Release|Any CPU
		{03D23353-FA92-4C00-99CB-B48F043AAD22}.Ad-Hoc|iPhone.Build.0 = Release|Any CPU
		{03D23353-FA92-4C00-99CB-B48F043AAD22}.Ad-Hoc|iPhone.Deploy.0 = Release|Any CPU
		{03D23353-FA92-4C00-99CB-B48F043AAD22}.Ad-Hoc|iPhoneSimulator.ActiveCfg = Release|Any CPU
		{03D23353-FA92-4C00-99CB-B48F043AAD22}.Ad-Hoc|iPhoneSimulator.Build.0 = Release|Any CPU
		{03D23353-FA92-4C00-99CB-B48F043AAD22}.Ad-Hoc|iPhoneSimulator.Deploy.0 = Release|Any CPU
		{03D23353-FA92-4C00-99CB-B48F043AAD22}.Ad-Hoc|x64.ActiveCfg = Release|Any CPU
		{03D23353-FA92-4C00-99CB-B48F043AAD22}.Ad-Hoc|x64.Build.0 = Release|Any CPU
		{03D23353-FA92-4C00-99CB-B48F043AAD22}.Ad-Hoc|x64.Deploy.0 = Release|Any CPU
		{03D23353-FA92-4C00-99CB-B48F043AAD22}.Ad-Hoc|x86.ActiveCfg = Release|Any CPU
		{03D23353-FA92-4C00-99CB-B48F043AAD22}.Ad-Hoc|x86.Build.0 = Release|Any CPU
		{03D23353-FA92-4C00-99CB-B48F043AAD22}.Ad-Hoc|x86.Deploy.0 = Release|Any CPU
		{03D23353-FA92-4C00-99CB-B48F043AAD22}.AppStore|Any CPU.ActiveCfg = Release|Any CPU
		{03D23353-FA92-4C00-99CB-B48F043AAD22}.AppStore|Any CPU.Build.0 = Release|Any CPU
		{03D23353-FA92-4C00-99CB-B48F043AAD22}.AppStore|Any CPU.Deploy.0 = Release|Any CPU
		{03D23353-FA92-4C00-99CB-B48F043AAD22}.AppStore|ARM.ActiveCfg = Release|Any CPU
		{03D23353-FA92-4C00-99CB-B48F043AAD22}.AppStore|ARM.Build.0 = Release|Any CPU
		{03D23353-FA92-4C00-99CB-B48F043AAD22}.AppStore|ARM.Deploy.0 = Release|Any CPU
		{03D23353-FA92-4C00-99CB-B48F043AAD22}.AppStore|iPhone.ActiveCfg = Release|Any CPU
		{03D23353-FA92-4C00-99CB-B48F043AAD22}.AppStore|iPhone.Build.0 = Release|Any CPU
		{03D23353-FA92-4C00-99CB-B48F043AAD22}.AppStore|iPhone.Deploy.0 = Release|Any CPU
		{03D23353-FA92-4C00-99CB-B48F043AAD22}.AppStore|iPhoneSimulator.ActiveCfg = Release|Any CPU
		{03D23353-FA92-4C00-99CB-B48F043AAD22}.AppStore|iPhoneSimulator.Build.0 = Release|Any CPU
		{03D23353-FA92-4C00-99CB-B48F043AAD22}.AppStore|iPhoneSimulator.Deploy.0 = Release|Any CPU
		{03D23353-FA92-4C00-99CB-B48F043AAD22}.AppStore|x64.ActiveCfg = Release|Any CPU
		{03D23353-FA92-4C00-99CB-B48F043AAD22}.AppStore|x64.Build.0 = Release|Any CPU
		{03D23353-FA92-4C00-99CB-B48F043AAD22}.AppStore|x64.Deploy.0 = Release|Any CPU
		{03D23353-FA92-4C00-99CB-B48F043AAD22}.AppStore|x86.ActiveCfg = Release|Any CPU
		{03D23353-FA92-4C00-99CB-B48F043AAD22}.AppStore|x86.Build.0 = Release|Any CPU
		{03D23353-FA92-4C00-99CB-B48F043AAD22}.AppStore|x86.Deploy.0 = Release|Any CPU
		{03D23353-FA92-4C00-99CB-B48F043AAD22}.Debug|Any CPU.ActiveCfg = Debug|Any CPU
		{03D23353-FA92-4C00-99CB-B48F043AAD22}.Debug|Any CPU.Build.0 = Debug|Any CPU
		{03D23353-FA92-4C00-99CB-B48F043AAD22}.Debug|Any CPU.Deploy.0 = Debug|Any CPU
		{03D23353-FA92-4C00-99CB-B48F043AAD22}.Debug|ARM.ActiveCfg = Debug|Any CPU
		{03D23353-FA92-4C00-99CB-B48F043AAD22}.Debug|ARM.Build.0 = Debug|Any CPU
		{03D23353-FA92-4C00-99CB-B48F043AAD22}.Debug|ARM.Deploy.0 = Debug|Any CPU
		{03D23353-FA92-4C00-99CB-B48F043AAD22}.Debug|iPhone.ActiveCfg = Debug|Any CPU
		{03D23353-FA92-4C00-99CB-B48F043AAD22}.Debug|iPhone.Build.0 = Debug|Any CPU
		{03D23353-FA92-4C00-99CB-B48F043AAD22}.Debug|iPhone.Deploy.0 = Debug|Any CPU
		{03D23353-FA92-4C00-99CB-B48F043AAD22}.Debug|iPhoneSimulator.ActiveCfg = Debug|Any CPU
		{03D23353-FA92-4C00-99CB-B48F043AAD22}.Debug|iPhoneSimulator.Build.0 = Debug|Any CPU
		{03D23353-FA92-4C00-99CB-B48F043AAD22}.Debug|iPhoneSimulator.Deploy.0 = Debug|Any CPU
		{03D23353-FA92-4C00-99CB-B48F043AAD22}.Debug|x64.ActiveCfg = Debug|Any CPU
		{03D23353-FA92-4C00-99CB-B48F043AAD22}.Debug|x64.Build.0 = Debug|Any CPU
		{03D23353-FA92-4C00-99CB-B48F043AAD22}.Debug|x64.Deploy.0 = Debug|Any CPU
		{03D23353-FA92-4C00-99CB-B48F043AAD22}.Debug|x86.ActiveCfg = Debug|Any CPU
		{03D23353-FA92-4C00-99CB-B48F043AAD22}.Debug|x86.Build.0 = Debug|Any CPU
		{03D23353-FA92-4C00-99CB-B48F043AAD22}.Debug|x86.Deploy.0 = Debug|Any CPU
		{03D23353-FA92-4C00-99CB-B48F043AAD22}.Release|Any CPU.ActiveCfg = Release|Any CPU
		{03D23353-FA92-4C00-99CB-B48F043AAD22}.Release|Any CPU.Build.0 = Release|Any CPU
		{03D23353-FA92-4C00-99CB-B48F043AAD22}.Release|Any CPU.Deploy.0 = Release|Any CPU
		{03D23353-FA92-4C00-99CB-B48F043AAD22}.Release|ARM.ActiveCfg = Release|Any CPU
		{03D23353-FA92-4C00-99CB-B48F043AAD22}.Release|ARM.Build.0 = Release|Any CPU
		{03D23353-FA92-4C00-99CB-B48F043AAD22}.Release|ARM.Deploy.0 = Release|Any CPU
		{03D23353-FA92-4C00-99CB-B48F043AAD22}.Release|iPhone.ActiveCfg = Release|Any CPU
		{03D23353-FA92-4C00-99CB-B48F043AAD22}.Release|iPhone.Build.0 = Release|Any CPU
		{03D23353-FA92-4C00-99CB-B48F043AAD22}.Release|iPhone.Deploy.0 = Release|Any CPU
		{03D23353-FA92-4C00-99CB-B48F043AAD22}.Release|iPhoneSimulator.ActiveCfg = Release|Any CPU
		{03D23353-FA92-4C00-99CB-B48F043AAD22}.Release|iPhoneSimulator.Build.0 = Release|Any CPU
		{03D23353-FA92-4C00-99CB-B48F043AAD22}.Release|iPhoneSimulator.Deploy.0 = Release|Any CPU
		{03D23353-FA92-4C00-99CB-B48F043AAD22}.Release|x64.ActiveCfg = Release|Any CPU
		{03D23353-FA92-4C00-99CB-B48F043AAD22}.Release|x64.Build.0 = Release|Any CPU
		{03D23353-FA92-4C00-99CB-B48F043AAD22}.Release|x64.Deploy.0 = Release|Any CPU
		{03D23353-FA92-4C00-99CB-B48F043AAD22}.Release|x86.ActiveCfg = Release|Any CPU
		{03D23353-FA92-4C00-99CB-B48F043AAD22}.Release|x86.Build.0 = Release|Any CPU
		{03D23353-FA92-4C00-99CB-B48F043AAD22}.Release|x86.Deploy.0 = Release|Any CPU
		{B2B29AC2-4232-40C4-938E-00F88672CD59}.Ad-Hoc|Any CPU.ActiveCfg = Ad-Hoc|iPhone
		{B2B29AC2-4232-40C4-938E-00F88672CD59}.Ad-Hoc|ARM.ActiveCfg = Ad-Hoc|iPhone
		{B2B29AC2-4232-40C4-938E-00F88672CD59}.Ad-Hoc|iPhone.ActiveCfg = Ad-Hoc|iPhone
		{B2B29AC2-4232-40C4-938E-00F88672CD59}.Ad-Hoc|iPhone.Build.0 = Ad-Hoc|iPhone
		{B2B29AC2-4232-40C4-938E-00F88672CD59}.Ad-Hoc|iPhoneSimulator.ActiveCfg = Ad-Hoc|iPhoneSimulator
		{B2B29AC2-4232-40C4-938E-00F88672CD59}.Ad-Hoc|iPhoneSimulator.Build.0 = Ad-Hoc|iPhoneSimulator
		{B2B29AC2-4232-40C4-938E-00F88672CD59}.Ad-Hoc|x64.ActiveCfg = Ad-Hoc|iPhone
		{B2B29AC2-4232-40C4-938E-00F88672CD59}.Ad-Hoc|x86.ActiveCfg = Ad-Hoc|iPhone
		{B2B29AC2-4232-40C4-938E-00F88672CD59}.AppStore|Any CPU.ActiveCfg = AppStore|iPhone
		{B2B29AC2-4232-40C4-938E-00F88672CD59}.AppStore|ARM.ActiveCfg = AppStore|iPhone
		{B2B29AC2-4232-40C4-938E-00F88672CD59}.AppStore|iPhone.ActiveCfg = AppStore|iPhone
		{B2B29AC2-4232-40C4-938E-00F88672CD59}.AppStore|iPhone.Build.0 = AppStore|iPhone
		{B2B29AC2-4232-40C4-938E-00F88672CD59}.AppStore|iPhoneSimulator.ActiveCfg = AppStore|iPhoneSimulator
		{B2B29AC2-4232-40C4-938E-00F88672CD59}.AppStore|iPhoneSimulator.Build.0 = AppStore|iPhoneSimulator
		{B2B29AC2-4232-40C4-938E-00F88672CD59}.AppStore|x64.ActiveCfg = AppStore|iPhone
		{B2B29AC2-4232-40C4-938E-00F88672CD59}.AppStore|x86.ActiveCfg = AppStore|iPhone
		{B2B29AC2-4232-40C4-938E-00F88672CD59}.Debug|Any CPU.ActiveCfg = Debug|iPhone
		{B2B29AC2-4232-40C4-938E-00F88672CD59}.Debug|ARM.ActiveCfg = Debug|iPhone
		{B2B29AC2-4232-40C4-938E-00F88672CD59}.Debug|iPhone.ActiveCfg = Debug|iPhone
		{B2B29AC2-4232-40C4-938E-00F88672CD59}.Debug|iPhone.Build.0 = Debug|iPhone
		{B2B29AC2-4232-40C4-938E-00F88672CD59}.Debug|iPhoneSimulator.ActiveCfg = Debug|iPhoneSimulator
		{B2B29AC2-4232-40C4-938E-00F88672CD59}.Debug|iPhoneSimulator.Build.0 = Debug|iPhoneSimulator
		{B2B29AC2-4232-40C4-938E-00F88672CD59}.Debug|x64.ActiveCfg = Debug|iPhone
		{B2B29AC2-4232-40C4-938E-00F88672CD59}.Debug|x86.ActiveCfg = Debug|iPhone
		{B2B29AC2-4232-40C4-938E-00F88672CD59}.Release|Any CPU.ActiveCfg = Release|iPhone
		{B2B29AC2-4232-40C4-938E-00F88672CD59}.Release|ARM.ActiveCfg = Release|iPhone
		{B2B29AC2-4232-40C4-938E-00F88672CD59}.Release|iPhone.ActiveCfg = Release|iPhone
		{B2B29AC2-4232-40C4-938E-00F88672CD59}.Release|iPhone.Build.0 = Release|iPhone
		{B2B29AC2-4232-40C4-938E-00F88672CD59}.Release|iPhoneSimulator.ActiveCfg = Release|iPhoneSimulator
		{B2B29AC2-4232-40C4-938E-00F88672CD59}.Release|iPhoneSimulator.Build.0 = Release|iPhoneSimulator
		{B2B29AC2-4232-40C4-938E-00F88672CD59}.Release|x64.ActiveCfg = Release|iPhone
		{B2B29AC2-4232-40C4-938E-00F88672CD59}.Release|x86.ActiveCfg = Release|iPhone
		{1EAA19F7-D9DA-4A80-AB94-633237F30733}.Ad-Hoc|Any CPU.ActiveCfg = Release|Any CPU
		{1EAA19F7-D9DA-4A80-AB94-633237F30733}.Ad-Hoc|Any CPU.Build.0 = Release|Any CPU
		{1EAA19F7-D9DA-4A80-AB94-633237F30733}.Ad-Hoc|Any CPU.Deploy.0 = Release|Any CPU
		{1EAA19F7-D9DA-4A80-AB94-633237F30733}.Ad-Hoc|ARM.ActiveCfg = Release|ARM
		{1EAA19F7-D9DA-4A80-AB94-633237F30733}.Ad-Hoc|ARM.Build.0 = Release|ARM
		{1EAA19F7-D9DA-4A80-AB94-633237F30733}.Ad-Hoc|ARM.Deploy.0 = Release|ARM
		{1EAA19F7-D9DA-4A80-AB94-633237F30733}.Ad-Hoc|iPhone.ActiveCfg = Release|Any CPU
		{1EAA19F7-D9DA-4A80-AB94-633237F30733}.Ad-Hoc|iPhone.Build.0 = Release|Any CPU
		{1EAA19F7-D9DA-4A80-AB94-633237F30733}.Ad-Hoc|iPhone.Deploy.0 = Release|Any CPU
		{1EAA19F7-D9DA-4A80-AB94-633237F30733}.Ad-Hoc|iPhoneSimulator.ActiveCfg = Release|Any CPU
		{1EAA19F7-D9DA-4A80-AB94-633237F30733}.Ad-Hoc|iPhoneSimulator.Build.0 = Release|Any CPU
		{1EAA19F7-D9DA-4A80-AB94-633237F30733}.Ad-Hoc|iPhoneSimulator.Deploy.0 = Release|Any CPU
		{1EAA19F7-D9DA-4A80-AB94-633237F30733}.Ad-Hoc|x64.ActiveCfg = Release|Any CPU
		{1EAA19F7-D9DA-4A80-AB94-633237F30733}.Ad-Hoc|x64.Build.0 = Release|Any CPU
		{1EAA19F7-D9DA-4A80-AB94-633237F30733}.Ad-Hoc|x64.Deploy.0 = Release|Any CPU
		{1EAA19F7-D9DA-4A80-AB94-633237F30733}.Ad-Hoc|x86.ActiveCfg = Release|x86
		{1EAA19F7-D9DA-4A80-AB94-633237F30733}.Ad-Hoc|x86.Build.0 = Release|x86
		{1EAA19F7-D9DA-4A80-AB94-633237F30733}.Ad-Hoc|x86.Deploy.0 = Release|x86
		{1EAA19F7-D9DA-4A80-AB94-633237F30733}.AppStore|Any CPU.ActiveCfg = Release|Any CPU
		{1EAA19F7-D9DA-4A80-AB94-633237F30733}.AppStore|Any CPU.Build.0 = Release|Any CPU
		{1EAA19F7-D9DA-4A80-AB94-633237F30733}.AppStore|Any CPU.Deploy.0 = Release|Any CPU
		{1EAA19F7-D9DA-4A80-AB94-633237F30733}.AppStore|ARM.ActiveCfg = Release|ARM
		{1EAA19F7-D9DA-4A80-AB94-633237F30733}.AppStore|ARM.Build.0 = Release|ARM
		{1EAA19F7-D9DA-4A80-AB94-633237F30733}.AppStore|ARM.Deploy.0 = Release|ARM
		{1EAA19F7-D9DA-4A80-AB94-633237F30733}.AppStore|iPhone.ActiveCfg = Release|Any CPU
		{1EAA19F7-D9DA-4A80-AB94-633237F30733}.AppStore|iPhone.Build.0 = Release|Any CPU
		{1EAA19F7-D9DA-4A80-AB94-633237F30733}.AppStore|iPhone.Deploy.0 = Release|Any CPU
		{1EAA19F7-D9DA-4A80-AB94-633237F30733}.AppStore|iPhoneSimulator.ActiveCfg = Release|Any CPU
		{1EAA19F7-D9DA-4A80-AB94-633237F30733}.AppStore|iPhoneSimulator.Build.0 = Release|Any CPU
		{1EAA19F7-D9DA-4A80-AB94-633237F30733}.AppStore|iPhoneSimulator.Deploy.0 = Release|Any CPU
		{1EAA19F7-D9DA-4A80-AB94-633237F30733}.AppStore|x64.ActiveCfg = Release|Any CPU
		{1EAA19F7-D9DA-4A80-AB94-633237F30733}.AppStore|x64.Build.0 = Release|Any CPU
		{1EAA19F7-D9DA-4A80-AB94-633237F30733}.AppStore|x64.Deploy.0 = Release|Any CPU
		{1EAA19F7-D9DA-4A80-AB94-633237F30733}.AppStore|x86.ActiveCfg = Release|x86
		{1EAA19F7-D9DA-4A80-AB94-633237F30733}.AppStore|x86.Build.0 = Release|x86
		{1EAA19F7-D9DA-4A80-AB94-633237F30733}.AppStore|x86.Deploy.0 = Release|x86
		{1EAA19F7-D9DA-4A80-AB94-633237F30733}.Debug|Any CPU.ActiveCfg = Debug|Any CPU
		{1EAA19F7-D9DA-4A80-AB94-633237F30733}.Debug|Any CPU.Build.0 = Debug|Any CPU
		{1EAA19F7-D9DA-4A80-AB94-633237F30733}.Debug|Any CPU.Deploy.0 = Debug|Any CPU
		{1EAA19F7-D9DA-4A80-AB94-633237F30733}.Debug|ARM.ActiveCfg = Debug|ARM
		{1EAA19F7-D9DA-4A80-AB94-633237F30733}.Debug|ARM.Build.0 = Debug|ARM
		{1EAA19F7-D9DA-4A80-AB94-633237F30733}.Debug|ARM.Deploy.0 = Debug|ARM
		{1EAA19F7-D9DA-4A80-AB94-633237F30733}.Debug|iPhone.ActiveCfg = Debug|Any CPU
		{1EAA19F7-D9DA-4A80-AB94-633237F30733}.Debug|iPhone.Build.0 = Debug|Any CPU
		{1EAA19F7-D9DA-4A80-AB94-633237F30733}.Debug|iPhone.Deploy.0 = Debug|Any CPU
		{1EAA19F7-D9DA-4A80-AB94-633237F30733}.Debug|iPhoneSimulator.ActiveCfg = Debug|Any CPU
		{1EAA19F7-D9DA-4A80-AB94-633237F30733}.Debug|iPhoneSimulator.Build.0 = Debug|Any CPU
		{1EAA19F7-D9DA-4A80-AB94-633237F30733}.Debug|iPhoneSimulator.Deploy.0 = Debug|Any CPU
		{1EAA19F7-D9DA-4A80-AB94-633237F30733}.Debug|x64.ActiveCfg = Debug|Any CPU
		{1EAA19F7-D9DA-4A80-AB94-633237F30733}.Debug|x64.Build.0 = Debug|Any CPU
		{1EAA19F7-D9DA-4A80-AB94-633237F30733}.Debug|x64.Deploy.0 = Debug|Any CPU
		{1EAA19F7-D9DA-4A80-AB94-633237F30733}.Debug|x86.ActiveCfg = Debug|x86
		{1EAA19F7-D9DA-4A80-AB94-633237F30733}.Debug|x86.Build.0 = Debug|x86
		{1EAA19F7-D9DA-4A80-AB94-633237F30733}.Debug|x86.Deploy.0 = Debug|x86
		{1EAA19F7-D9DA-4A80-AB94-633237F30733}.Release|Any CPU.ActiveCfg = Release|Any CPU
		{1EAA19F7-D9DA-4A80-AB94-633237F30733}.Release|Any CPU.Build.0 = Release|Any CPU
		{1EAA19F7-D9DA-4A80-AB94-633237F30733}.Release|Any CPU.Deploy.0 = Release|Any CPU
		{1EAA19F7-D9DA-4A80-AB94-633237F30733}.Release|ARM.ActiveCfg = Release|ARM
		{1EAA19F7-D9DA-4A80-AB94-633237F30733}.Release|ARM.Build.0 = Release|ARM
		{1EAA19F7-D9DA-4A80-AB94-633237F30733}.Release|ARM.Deploy.0 = Release|ARM
		{1EAA19F7-D9DA-4A80-AB94-633237F30733}.Release|iPhone.ActiveCfg = Release|Any CPU
		{1EAA19F7-D9DA-4A80-AB94-633237F30733}.Release|iPhone.Build.0 = Release|Any CPU
		{1EAA19F7-D9DA-4A80-AB94-633237F30733}.Release|iPhone.Deploy.0 = Release|Any CPU
		{1EAA19F7-D9DA-4A80-AB94-633237F30733}.Release|iPhoneSimulator.ActiveCfg = Release|Any CPU
		{1EAA19F7-D9DA-4A80-AB94-633237F30733}.Release|iPhoneSimulator.Build.0 = Release|Any CPU
		{1EAA19F7-D9DA-4A80-AB94-633237F30733}.Release|iPhoneSimulator.Deploy.0 = Release|Any CPU
		{1EAA19F7-D9DA-4A80-AB94-633237F30733}.Release|x64.ActiveCfg = Release|Any CPU
		{1EAA19F7-D9DA-4A80-AB94-633237F30733}.Release|x64.Build.0 = Release|Any CPU
		{1EAA19F7-D9DA-4A80-AB94-633237F30733}.Release|x64.Deploy.0 = Release|Any CPU
		{1EAA19F7-D9DA-4A80-AB94-633237F30733}.Release|x86.ActiveCfg = Release|x86
		{1EAA19F7-D9DA-4A80-AB94-633237F30733}.Release|x86.Build.0 = Release|x86
		{1EAA19F7-D9DA-4A80-AB94-633237F30733}.Release|x86.Deploy.0 = Release|x86
		{33940A21-92C1-4BF9-9AB4-107CA1E308AA}.Ad-Hoc|Any CPU.ActiveCfg = Release|Any CPU
		{33940A21-92C1-4BF9-9AB4-107CA1E308AA}.Ad-Hoc|Any CPU.Build.0 = Release|Any CPU
		{33940A21-92C1-4BF9-9AB4-107CA1E308AA}.Ad-Hoc|Any CPU.Deploy.0 = Release|Any CPU
		{33940A21-92C1-4BF9-9AB4-107CA1E308AA}.Ad-Hoc|ARM.ActiveCfg = Release|ARM
		{33940A21-92C1-4BF9-9AB4-107CA1E308AA}.Ad-Hoc|ARM.Build.0 = Release|ARM
		{33940A21-92C1-4BF9-9AB4-107CA1E308AA}.Ad-Hoc|ARM.Deploy.0 = Release|ARM
		{33940A21-92C1-4BF9-9AB4-107CA1E308AA}.Ad-Hoc|iPhone.ActiveCfg = Release|Any CPU
		{33940A21-92C1-4BF9-9AB4-107CA1E308AA}.Ad-Hoc|iPhone.Build.0 = Release|Any CPU
		{33940A21-92C1-4BF9-9AB4-107CA1E308AA}.Ad-Hoc|iPhone.Deploy.0 = Release|Any CPU
		{33940A21-92C1-4BF9-9AB4-107CA1E308AA}.Ad-Hoc|iPhoneSimulator.ActiveCfg = Release|Any CPU
		{33940A21-92C1-4BF9-9AB4-107CA1E308AA}.Ad-Hoc|iPhoneSimulator.Build.0 = Release|Any CPU
		{33940A21-92C1-4BF9-9AB4-107CA1E308AA}.Ad-Hoc|iPhoneSimulator.Deploy.0 = Release|Any CPU
		{33940A21-92C1-4BF9-9AB4-107CA1E308AA}.Ad-Hoc|x64.ActiveCfg = Release|x64
		{33940A21-92C1-4BF9-9AB4-107CA1E308AA}.Ad-Hoc|x64.Build.0 = Release|x64
		{33940A21-92C1-4BF9-9AB4-107CA1E308AA}.Ad-Hoc|x64.Deploy.0 = Release|x64
		{33940A21-92C1-4BF9-9AB4-107CA1E308AA}.Ad-Hoc|x86.ActiveCfg = Release|x86
		{33940A21-92C1-4BF9-9AB4-107CA1E308AA}.Ad-Hoc|x86.Build.0 = Release|x86
		{33940A21-92C1-4BF9-9AB4-107CA1E308AA}.Ad-Hoc|x86.Deploy.0 = Release|x86
		{33940A21-92C1-4BF9-9AB4-107CA1E308AA}.AppStore|Any CPU.ActiveCfg = Release|Any CPU
		{33940A21-92C1-4BF9-9AB4-107CA1E308AA}.AppStore|Any CPU.Build.0 = Release|Any CPU
		{33940A21-92C1-4BF9-9AB4-107CA1E308AA}.AppStore|Any CPU.Deploy.0 = Release|Any CPU
		{33940A21-92C1-4BF9-9AB4-107CA1E308AA}.AppStore|ARM.ActiveCfg = Release|ARM
		{33940A21-92C1-4BF9-9AB4-107CA1E308AA}.AppStore|ARM.Build.0 = Release|ARM
		{33940A21-92C1-4BF9-9AB4-107CA1E308AA}.AppStore|ARM.Deploy.0 = Release|ARM
		{33940A21-92C1-4BF9-9AB4-107CA1E308AA}.AppStore|iPhone.ActiveCfg = Release|Any CPU
		{33940A21-92C1-4BF9-9AB4-107CA1E308AA}.AppStore|iPhone.Build.0 = Release|Any CPU
		{33940A21-92C1-4BF9-9AB4-107CA1E308AA}.AppStore|iPhone.Deploy.0 = Release|Any CPU
		{33940A21-92C1-4BF9-9AB4-107CA1E308AA}.AppStore|iPhoneSimulator.ActiveCfg = Release|Any CPU
		{33940A21-92C1-4BF9-9AB4-107CA1E308AA}.AppStore|iPhoneSimulator.Build.0 = Release|Any CPU
		{33940A21-92C1-4BF9-9AB4-107CA1E308AA}.AppStore|iPhoneSimulator.Deploy.0 = Release|Any CPU
		{33940A21-92C1-4BF9-9AB4-107CA1E308AA}.AppStore|x64.ActiveCfg = Release|x64
		{33940A21-92C1-4BF9-9AB4-107CA1E308AA}.AppStore|x64.Build.0 = Release|x64
		{33940A21-92C1-4BF9-9AB4-107CA1E308AA}.AppStore|x64.Deploy.0 = Release|x64
		{33940A21-92C1-4BF9-9AB4-107CA1E308AA}.AppStore|x86.ActiveCfg = Release|x86
		{33940A21-92C1-4BF9-9AB4-107CA1E308AA}.AppStore|x86.Build.0 = Release|x86
		{33940A21-92C1-4BF9-9AB4-107CA1E308AA}.AppStore|x86.Deploy.0 = Release|x86
		{33940A21-92C1-4BF9-9AB4-107CA1E308AA}.Debug|Any CPU.ActiveCfg = Debug|Any CPU
		{33940A21-92C1-4BF9-9AB4-107CA1E308AA}.Debug|Any CPU.Build.0 = Debug|Any CPU
		{33940A21-92C1-4BF9-9AB4-107CA1E308AA}.Debug|Any CPU.Deploy.0 = Debug|Any CPU
		{33940A21-92C1-4BF9-9AB4-107CA1E308AA}.Debug|ARM.ActiveCfg = Debug|ARM
		{33940A21-92C1-4BF9-9AB4-107CA1E308AA}.Debug|ARM.Build.0 = Debug|ARM
		{33940A21-92C1-4BF9-9AB4-107CA1E308AA}.Debug|ARM.Deploy.0 = Debug|ARM
		{33940A21-92C1-4BF9-9AB4-107CA1E308AA}.Debug|iPhone.ActiveCfg = Debug|Any CPU
		{33940A21-92C1-4BF9-9AB4-107CA1E308AA}.Debug|iPhone.Build.0 = Debug|Any CPU
		{33940A21-92C1-4BF9-9AB4-107CA1E308AA}.Debug|iPhone.Deploy.0 = Debug|Any CPU
		{33940A21-92C1-4BF9-9AB4-107CA1E308AA}.Debug|iPhoneSimulator.ActiveCfg = Debug|Any CPU
		{33940A21-92C1-4BF9-9AB4-107CA1E308AA}.Debug|iPhoneSimulator.Build.0 = Debug|Any CPU
		{33940A21-92C1-4BF9-9AB4-107CA1E308AA}.Debug|iPhoneSimulator.Deploy.0 = Debug|Any CPU
		{33940A21-92C1-4BF9-9AB4-107CA1E308AA}.Debug|x64.ActiveCfg = Debug|x64
		{33940A21-92C1-4BF9-9AB4-107CA1E308AA}.Debug|x64.Build.0 = Debug|x64
		{33940A21-92C1-4BF9-9AB4-107CA1E308AA}.Debug|x64.Deploy.0 = Debug|x64
		{33940A21-92C1-4BF9-9AB4-107CA1E308AA}.Debug|x86.ActiveCfg = Debug|x86
		{33940A21-92C1-4BF9-9AB4-107CA1E308AA}.Debug|x86.Build.0 = Debug|x86
		{33940A21-92C1-4BF9-9AB4-107CA1E308AA}.Debug|x86.Deploy.0 = Debug|x86
		{33940A21-92C1-4BF9-9AB4-107CA1E308AA}.Release|Any CPU.ActiveCfg = Release|Any CPU
		{33940A21-92C1-4BF9-9AB4-107CA1E308AA}.Release|Any CPU.Build.0 = Release|Any CPU
		{33940A21-92C1-4BF9-9AB4-107CA1E308AA}.Release|Any CPU.Deploy.0 = Release|Any CPU
		{33940A21-92C1-4BF9-9AB4-107CA1E308AA}.Release|ARM.ActiveCfg = Release|ARM
		{33940A21-92C1-4BF9-9AB4-107CA1E308AA}.Release|ARM.Build.0 = Release|ARM
		{33940A21-92C1-4BF9-9AB4-107CA1E308AA}.Release|ARM.Deploy.0 = Release|ARM
		{33940A21-92C1-4BF9-9AB4-107CA1E308AA}.Release|iPhone.ActiveCfg = Release|Any CPU
		{33940A21-92C1-4BF9-9AB4-107CA1E308AA}.Release|iPhone.Build.0 = Release|Any CPU
		{33940A21-92C1-4BF9-9AB4-107CA1E308AA}.Release|iPhone.Deploy.0 = Release|Any CPU
		{33940A21-92C1-4BF9-9AB4-107CA1E308AA}.Release|iPhoneSimulator.ActiveCfg = Release|Any CPU
		{33940A21-92C1-4BF9-9AB4-107CA1E308AA}.Release|iPhoneSimulator.Build.0 = Release|Any CPU
		{33940A21-92C1-4BF9-9AB4-107CA1E308AA}.Release|iPhoneSimulator.Deploy.0 = Release|Any CPU
		{33940A21-92C1-4BF9-9AB4-107CA1E308AA}.Release|x64.ActiveCfg = Release|x64
		{33940A21-92C1-4BF9-9AB4-107CA1E308AA}.Release|x64.Build.0 = Release|x64
		{33940A21-92C1-4BF9-9AB4-107CA1E308AA}.Release|x64.Deploy.0 = Release|x64
		{33940A21-92C1-4BF9-9AB4-107CA1E308AA}.Release|x86.ActiveCfg = Release|x86
		{33940A21-92C1-4BF9-9AB4-107CA1E308AA}.Release|x86.Build.0 = Release|x86
		{33940A21-92C1-4BF9-9AB4-107CA1E308AA}.Release|x86.Deploy.0 = Release|x86
	EndGlobalSection
	GlobalSection(SolutionProperties) = preSolution
		HideSolutionNode = FALSE
	EndGlobalSection
EndGlobal
